lockfileVersion: 5.4

importers:

  .:
    specifiers:
      '@tsconfig/node18-strictest-esm': ^1.0.1
      '@types/node': ^18.11.18
      typescript: ^4.9.4
    devDependencies:
      '@tsconfig/node18-strictest-esm': 1.0.1
      '@types/node': 18.11.18
      typescript: 4.9.4

  client:
    specifiers:
      '@my/server': workspace:*
      '@trpc/client': ^10.7.0
      '@trpc/server': 10.7.0
    dependencies:
      '@my/server': link:../server
      '@trpc/client': 10.7.0_@trpc+server@10.7.0
      '@trpc/server': 10.7.0

  server:
    specifiers:
      '@trpc/server': ^10.7.0
    dependencies:
      '@trpc/server': 10.7.0

packages:

  /@trpc/client/10.7.0_@trpc+server@10.7.0:
    resolution: {integrity: sha512-xCPc2hp37REJst6TXMkJvdc85CHvxpVY6YVdZIjl7uCYoQcrstwy8AWi7ElB3x7e19Cweke+9CAaUXKwAE1AKQ==}
    peerDependencies:
      '@trpc/server': 10.7.0
    dependencies:
      '@trpc/server': 10.7.0
    dev: false

  /@trpc/server/10.7.0:
    resolution: {integrity: sha512-kFhlqhzZt5PwVRRDci8oJKMMFGjjq9189stT6bvS9xuuLjRzzwhMShRi99sm/jqhdjWmlXyO3Ncx0rnghUvH+w==}
    dev: false

  /@tsconfig/node18-strictest-esm/1.0.1:
    resolution: {integrity: sha512-cHzmAqw7CMbyqROWeBgVhard3F2V6zxOSJnQ4E6SJWruXD5ypuP9/QKekwBdfXQ4oUTaizIICKIwb+v3v33t0w==}
    dev: true

  /@types/node/18.11.18:
    resolution: {integrity: sha512-DHQpWGjyQKSHj3ebjFI/wRKcqQcdR+MoFBygntYOZytCqNfkd2ZC4ARDJ2DQqhjH5p85Nnd3jhUJIXrszFX/JA==}
    dev: true

  /typescript/4.9.4:
    resolution: {integrity: sha512-Uz+dTXYzxXXbsFpM86Wh3dKCxrQqUcVMxwU54orwlJjOpO3ao8L7j5lH+dWfTwgCwIuM9GQ2kvVotzYJMXTBZg==}
    engines: {node: '>=4.2.0'}
    hasBin: true
    dev: true
